
Microsoft Visual Studio Solution File, Format Version 12.00
# Visual Studio Version 17
VisualStudioVersion = 17.9.34622.214
MinimumVisualStudioVersion = 10.0.40219.1
Project("{FAE04EC0-301F-11D3-BF4B-00C04F79EFBC}") = "Ex_Rando", "Ex_Rando\Ex_Rando.csproj", "{08293596-2D6D-41E4-9871-5B25F1452F59}"
EndProject
Global
	GlobalSection(SolutionConfigurationPlatforms) = preSolution
		Debug|Any CPU = Debug|Any CPU
		Release|Any CPU = Release|Any CPU
	EndGlobalSection
	GlobalSection(ProjectConfigurationPlatforms) = postSolution
		{08293596-2D6D-41E4-9871-5B25F1452F59}.Debug|Any CPU.ActiveCfg = Debug|Any CPU
		{08293596-2D6D-41E4-9871-5B25F1452F59}.Debug|Any CPU.Build.0 = Debug|Any CPU
		{08293596-2D6D-41E4-9871-5B25F1452F59}.Release|Any CPU.ActiveCfg = Release|Any CPU
		{08293596-2D6D-41E4-9871-5B25F1452F59}.Release|Any CPU.Build.0 = Release|Any CPU
	EndGlobalSection
	GlobalSection(SolutionProperties) = preSolution
		HideSolutionNode = FALSE
	EndGlobalSection
	GlobalSection(ExtensibilityGlobals) = postSolution
		SolutionGuid = {7A4300BE-939F-4C40-91E3-021DD28A0050}
	EndGlobalSection
EndGlobal
