
Microsoft Visual Studio Solution File, Format Version 12.00
# Visual Studio Version 17
VisualStudioVersion = 17.9.34622.214
MinimumVisualStudioVersion = 10.0.40219.1
Project("{FAE04EC0-301F-11D3-BF4B-00C04F79EFBC}") = "Ex_maximum", "Ex_maximum\Ex_maximum.csproj", "{29FA324B-1E62-4CDD-8C28-B8310F8332FB}"
EndProject
Global
	GlobalSection(SolutionConfigurationPlatforms) = preSolution
		Debug|Any CPU = Debug|Any CPU
		Release|Any CPU = Release|Any CPU
	EndGlobalSection
	GlobalSection(ProjectConfigurationPlatforms) = postSolution
		{29FA324B-1E62-4CDD-8C28-B8310F8332FB}.Debug|Any CPU.ActiveCfg = Debug|Any CPU
		{29FA324B-1E62-4CDD-8C28-B8310F8332FB}.Debug|Any CPU.Build.0 = Debug|Any CPU
		{29FA324B-1E62-4CDD-8C28-B8310F8332FB}.Release|Any CPU.ActiveCfg = Release|Any CPU
		{29FA324B-1E62-4CDD-8C28-B8310F8332FB}.Release|Any CPU.Build.0 = Release|Any CPU
	EndGlobalSection
	GlobalSection(SolutionProperties) = preSolution
		HideSolutionNode = FALSE
	EndGlobalSection
	GlobalSection(ExtensibilityGlobals) = postSolution
		SolutionGuid = {CEAA7D54-AF7C-4798-B3D0-40E07CD4C293}
	EndGlobalSection
EndGlobal
